
Microsoft Visual Studio Solution File, Format Version 12.00
# Visual Studio 15
VisualStudioVersion = 15.0.28307.136
MinimumVisualStudioVersion = 10.0.40219.1
Project("{FAE04EC0-301F-11D3-BF4B-00C04F79EFBC}") = "CustomerManagerSystem", "CustomerManagerSystem\CustomerManagerSystem.csproj", "{31D1688F-F02F-451D-84A4-33938996C59D}"
EndProject
Global
	GlobalSection(SolutionConfigurationPlatforms) = preSolution
		Debug|Any CPU = Debug|Any CPU
		Release|Any CPU = Release|Any CPU
	EndGlobalSection
	GlobalSection(ProjectConfigurationPlatforms) = postSolution
		{31D1688F-F02F-451D-84A4-33938996C59D}.Debug|Any CPU.ActiveCfg = Debug|Any CPU
		{31D1688F-F02F-451D-84A4-33938996C59D}.Debug|Any CPU.Build.0 = Debug|Any CPU
		{31D1688F-F02F-451D-84A4-33938996C59D}.Release|Any CPU.ActiveCfg = Release|Any CPU
		{31D1688F-F02F-451D-84A4-33938996C59D}.Release|Any CPU.Build.0 = Release|Any CPU
	EndGlobalSection
	GlobalSection(SolutionProperties) = preSolution
		HideSolutionNode = FALSE
	EndGlobalSection
	GlobalSection(ExtensibilityGlobals) = postSolution
		SolutionGuid = {994AB933-1429-4DBB-9233-ED36B6F4123C}
	EndGlobalSection
EndGlobal
